
Microsoft Visual Studio Solution File, Format Version 12.00
# Visual Studio 15
VisualStudioVersion = 15.0.28307.1300
MinimumVisualStudioVersion = 10.0.40219.1
Project("{FAE04EC0-301F-11D3-BF4B-00C04F79EFBC}") = "practice1", "practice1\practice1.csproj", "{03C5C5CA-B893-40CA-8E2D-9F27CEDB8568}"
EndProject
Global
	GlobalSection(SolutionConfigurationPlatforms) = preSolution
		Debug|Any CPU = Debug|Any CPU
		Release|Any CPU = Release|Any CPU
	EndGlobalSection
	GlobalSection(ProjectConfigurationPlatforms) = postSolution
		{03C5C5CA-B893-40CA-8E2D-9F27CEDB8568}.Debug|Any CPU.ActiveCfg = Debug|Any CPU
		{03C5C5CA-B893-40CA-8E2D-9F27CEDB8568}.Debug|Any CPU.Build.0 = Debug|Any CPU
		{03C5C5CA-B893-40CA-8E2D-9F27CEDB8568}.Release|Any CPU.ActiveCfg = Release|Any CPU
		{03C5C5CA-B893-40CA-8E2D-9F27CEDB8568}.Release|Any CPU.Build.0 = Release|Any CPU
	EndGlobalSection
	GlobalSection(SolutionProperties) = preSolution
		HideSolutionNode = FALSE
	EndGlobalSection
	GlobalSection(ExtensibilityGlobals) = postSolution
		SolutionGuid = {69038D3F-9A7F-45C3-8289-1AE3EB0BB4CD}
	EndGlobalSection
EndGlobal
